{
  "name": "jpf-elements",
  "version": "1.0.4",
  "lockfileVersion": 1,
  "requires": true,
  "dependencies": {
    "@types/knockout": {
      "version": "3.4.67",
      "resolved": "https://registry.npmjs.org/@types/knockout/-/knockout-3.4.67.tgz",
      "integrity": "sha512-VYg5VcZecApmAILpSsTtD0UUAHUIGWi7/um9WQjbk/ajPWinGZAKkH9U8zbFmvdxfafFGvcRm655XRm6vc6hoQ==",
      "dev": true
    },
    "jpf": {
      "version": "2.0.193",
      "resolved": "https://registry.npmjs.org/jpf/-/jpf-2.0.193.tgz",
      "integrity": "sha512-fMCW4+GLTgNczeYZSZi1BwEXheiFg46K+49tpi7LyhXuQ6feKhQMnrDAzol+kJTacFFZnLSpsAqPpsxM6Z5MAQ==",
      "dev": true,
      "requires": {
        "tocca": "2.0.9",
        "ua-parser-js": "0.7.21"
      }
    },
    "tocca": {
      "version": "2.0.9",
      "resolved": "https://registry.npmjs.org/tocca/-/tocca-2.0.9.tgz",
      "integrity": "sha512-FXofUGAFcgEIEOS3m9Dk9URaY3x+JeerPfVFc8K820PjV0JcCsH98BFxrVOTANC8YvM4QTrmKMol2/818gFmCw==",
      "dev": true
    },
    "typescript": {
      "version": "3.8.3",
      "resolved": "https://registry.npmjs.org/typescript/-/typescript-3.8.3.tgz",
      "integrity": "sha512-MYlEfn5VrLNsgudQTVJeNaQFUAI7DkhnOjdpAp4T+ku1TfQClewlbSuTVHiA+8skNBgaf02TL/kLOvig4y3G8w==",
      "dev": true
    },
    "ua-parser-js": {
      "version": "0.7.21",
      "resolved": "https://registry.npmjs.org/ua-parser-js/-/ua-parser-js-0.7.21.tgz",
      "integrity": "sha512-+O8/qh/Qj8CgC6eYBVBykMrNtp5Gebn4dlGD/kKXVkJNDwyrAwSIqwz8CDf+tsAIWVycKcku6gIXJ0qwx/ZXaQ==",
      "dev": true
    }
  }
}
